
Microsoft Visual Studio Solution File, Format Version 12.00
# Visual Studio 15
VisualStudioVersion = 15.0.28010.2003
MinimumVisualStudioVersion = 10.0.40219.1
Project("{FAE04EC0-301F-11D3-BF4B-00C04F79EFBC}") = "TravelExpenseMIS", "TravelExpenseMIS\TravelExpenseMIS.csproj", "{BA055431-11F5-4805-90F8-111D00144E15}"
EndProject
Global
	GlobalSection(SolutionConfigurationPlatforms) = preSolution
		Debug|Any CPU = Debug|Any CPU
		Release|Any CPU = Release|Any CPU
	EndGlobalSection
	GlobalSection(ProjectConfigurationPlatforms) = postSolution
		{BA055431-11F5-4805-90F8-111D00144E15}.Debug|Any CPU.ActiveCfg = Debug|Any CPU
		{BA055431-11F5-4805-90F8-111D00144E15}.Debug|Any CPU.Build.0 = Debug|Any CPU
		{BA055431-11F5-4805-90F8-111D00144E15}.Release|Any CPU.ActiveCfg = Release|Any CPU
		{BA055431-11F5-4805-90F8-111D00144E15}.Release|Any CPU.Build.0 = Release|Any CPU
	EndGlobalSection
	GlobalSection(SolutionProperties) = preSolution
		HideSolutionNode = FALSE
	EndGlobalSection
	GlobalSection(ExtensibilityGlobals) = postSolution
		SolutionGuid = {8CB1DC01-9E1B-4D99-AEB2-4766A800E070}
	EndGlobalSection
EndGlobal
